{
  "name": "wus-host-react",
  "lockfileVersion": 3,
  "requires": true,
  "packages": {
    "": {
      "name": "wus-host-react",
      "dependencies": {
        "react": "^19.2.6",
        "react-dom": "^19.2.6"
      },
      "devDependencies": {
        "@types/node": "^25.7.0",
        "@types/react": "^19.2.14",
        "@types/react-dom": "^19.2.3",
        "typescript": "~6.0.3",
        "wus-unit-types": "file:../../contract/wus-unit-types"
      }
    },
    "../../contract/wus-unit-types": {
      "version": "0.2.3",
      "dev": true,
      "license": "MIT",
      "devDependencies": {
        "tsup": "^8.5.1",
        "typescript": "^6.0.2"
      }
    },
    "node_modules/@types/node": {
      "version": "25.9.1",
      "dev": true,
      "license": "MIT",
      "dependencies": {
        "undici-types": ">=7.24.0 <7.24.7"
      }
    },
    "node_modules/@types/react": {
      "version": "19.2.16",
      "dev": true,
      "license": "MIT",
      "peer": true,
      "dependencies": {
        "csstype": "^3.2.2"
      }
    },
    "node_modules/@types/react-dom": {
      "version": "19.2.3",
      "dev": true,
      "license": "MIT",
      "peerDependencies": {
        "@types/react": "^19.2.0"
      }
    },
    "node_modules/csstype": {
      "version": "3.2.3",
      "dev": true,
      "license": "MIT"
    },
    "node_modules/react": {
      "version": "19.2.7",
      "license": "MIT",
      "peer": true,
      "engines": {
        "node": ">=0.10.0"
      }
    },
    "node_modules/react-dom": {
      "version": "19.2.7",
      "license": "MIT",
      "dependencies": {
        "scheduler": "^0.27.0"
      },
      "peerDependencies": {
        "react": "^19.2.7"
      }
    },
    "node_modules/scheduler": {
      "version": "0.27.0",
      "license": "MIT"
    },
    "node_modules/typescript": {
      "version": "6.0.3",
      "dev": true,
      "license": "Apache-2.0",
      "bin": {
        "tsc": "bin/tsc",
        "tsserver": "bin/tsserver"
      },
      "engines": {
        "node": ">=14.17"
      }
    },
    "node_modules/undici-types": {
      "version": "7.24.6",
      "dev": true,
      "license": "MIT"
    },
    "node_modules/wus-unit-types": {
      "resolved": "../../contract/wus-unit-types",
      "link": true
    }
  }
}
